github.com/d4l3k/messagediff v1.2.1 h1:ZcAIMYsUg0EAp9X+tt8/enBE/Q8Yd5kzPynLyKptt9U=
github.com/d4l3k/messagediff v1.2.1/go.mod h1:Oozbb1TVXFac9FtSIxHBMnBCq2qeH/2KkEQxENCrlLo=
github.com/ptiger10/tablediff v0.2.0 h1:CaQh9UtTzisA/4+tMSEMAA3qEjfzF/jPYb0FFuT0w5I=
github.com/ptiger10/tablediff v0.2.0/go.mod h1:KucUzq16U5KLCReauvOf4Fi0Zp8NMe5Zr4LEQsHxtqo=
github.com/ptiger10/tablediff v0.2.1 h1:fRlSCwMnwUSatOl5RUfN0lNg5cunQlwkAIFy1jwaow8=
github.com/ptiger10/tablediff v0.2.1/go.mod h1:KucUzq16U5KLCReauvOf4Fi0Zp8NMe5Zr4LEQsHxtqo=
github.com/ptiger10/tablediff v0.2.2 h1:AMaghS3MURxyPXRsxC6fzPyhCbQCdUCnAygVPd24d9k=
github.com/ptiger10/tablediff v0.2.2/go.mod h1:+dmPvG4vc0YoJ/WOthc+9SGjY/oS145Isc5s81hYp3s=
github.com/ptiger10/tablewriter v0.2.1/go.mod h1:41ATaQp2h910kRg0wjpd/Rvo6J2VlDQDXD2mg0yBeB0=
github.com/ptiger10/tablewriter v0.3.1 h1:/mdjhS3tSDlav+MsQg8hgSu87v82Fg07S2EBFqr3Q9c=
github.com/ptiger10/tablewriter v0.3.1/go.mod h1:Mf9srZNhUOCo5jAlQAYB5lAJSBPcpo6MYMBJJulIzh8=
github.com/ptiger10/tablewriter v0.3.2 h1:N7qOJFcvlJlJPsQLLAaEV0bx1ygw2rYlvB6cCzCgqNA=
github.com/ptiger10/tablewriter v0.3.2/go.mod h1:Mf9srZNhUOCo5jAlQAYB5lAJSBPcpo6MYMBJJulIzh8=
